langcode: en
status: true
dependencies:
  content:
    - 'block_content:block_four_columns:bbc2f1c8-5602-472e-81fa-bb0d1152c3f8'
  module:
    - block_content
    - system
  theme:
    - real
id: exampleofafourcolumnblock
theme: real
region: frontpagecontent
weight: 0
provider: null
plugin: 'block_content:bbc2f1c8-5602-472e-81fa-bb0d1152c3f8'
settings:
  id: 'block_content:bbc2f1c8-5602-472e-81fa-bb0d1152c3f8'
  label: 'Example of a four column block'
  provider: block_content
  label_display: visible
  status: true
  info: ''
  view_mode: full
visibility:
  request_path:
    id: request_path
    pages: '<front>'
    negate: false
    context_mapping: {  }
